
Microsoft Visual Studio Solution File, Format Version 12.00
# Visual Studio Version 17
VisualStudioVersion = 17.7.34024.191
MinimumVisualStudioVersion = 10.0.40219.1
Project("{FAE04EC0-301F-11D3-BF4B-00C04F79EFBC}") = "25mi", "25mi.csproj", "{9B92C5DB-70A1-4DE0-8D74-49ACD6C9BF6B}"
EndProject
Global
	GlobalSection(SolutionConfigurationPlatforms) = preSolution
		Debug|Any CPU = Debug|Any CPU
		Release|Any CPU = Release|Any CPU
	EndGlobalSection
	GlobalSection(ProjectConfigurationPlatforms) = postSolution
		{9B92C5DB-70A1-4DE0-8D74-49ACD6C9BF6B}.Debug|Any CPU.ActiveCfg = Debug|Any CPU
		{9B92C5DB-70A1-4DE0-8D74-49ACD6C9BF6B}.Debug|Any CPU.Build.0 = Debug|Any CPU
		{9B92C5DB-70A1-4DE0-8D74-49ACD6C9BF6B}.Release|Any CPU.ActiveCfg = Release|Any CPU
		{9B92C5DB-70A1-4DE0-8D74-49ACD6C9BF6B}.Release|Any CPU.Build.0 = Release|Any CPU
	EndGlobalSection
	GlobalSection(SolutionProperties) = preSolution
		HideSolutionNode = FALSE
	EndGlobalSection
	GlobalSection(ExtensibilityGlobals) = postSolution
		SolutionGuid = {32C7D7DE-3055-4660-90F1-CB58FD988E69}
	EndGlobalSection
EndGlobal
